<?xml version="1.0" encoding="utf-8"?>
<Project ToolsVersion="17.0" xmlns="http://schemas.microsoft.com/developer/msbuild/2003">
  <ItemGroup>
    <CustomBuild Include="D:\projetos\MGSCAR\code\driver\build-win\CMakeFiles\14f163b45d9999444f4137db00469a6d\generate.stamp.rule">
      <Filter>CMake Rules</Filter>
    </CustomBuild>
  </ItemGroup>
  <ItemGroup>
    <Filter Include="CMake Rules">
      <UniqueIdentifier>{7DA91ABF-29A1-3C3E-8E83-4CAE68083CF6}</UniqueIdentifier>
    </Filter>
  </ItemGroup>
</Project>
